
Microsoft Visual Studio Solution File, Format Version 12.00
# Visual Studio Version 16
VisualStudioVersion = 16.0.29326.143
MinimumVisualStudioVersion = 10.0.40219.1
Project("{FAE04EC0-301F-11D3-BF4B-00C04F79EFBC}") = "magX", "magX.csproj", "{75E1DF8B-FC33-4E6F-99D3-52204A244174}"
EndProject
Global
	GlobalSection(SolutionConfigurationPlatforms) = preSolution
		Debug|Any CPU = Debug|Any CPU
		Release|Any CPU = Release|Any CPU
	EndGlobalSection
	GlobalSection(ProjectConfigurationPlatforms) = postSolution
		{75E1DF8B-FC33-4E6F-99D3-52204A244174}.Debug|Any CPU.ActiveCfg = Debug|Any CPU
		{75E1DF8B-FC33-4E6F-99D3-52204A244174}.Debug|Any CPU.Build.0 = Debug|Any CPU
		{75E1DF8B-FC33-4E6F-99D3-52204A244174}.Release|Any CPU.ActiveCfg = Release|Any CPU
		{75E1DF8B-FC33-4E6F-99D3-52204A244174}.Release|Any CPU.Build.0 = Release|Any CPU
	EndGlobalSection
	GlobalSection(SolutionProperties) = preSolution
		HideSolutionNode = FALSE
	EndGlobalSection
	GlobalSection(ExtensibilityGlobals) = postSolution
		SolutionGuid = {89E69905-485D-4D9A-98D9-ED5BB93D6705}
	EndGlobalSection
EndGlobal
